
Microsoft Visual Studio Solution File, Format Version 12.00
# Visual Studio Version 17
VisualStudioVersion = 17.13.35919.96
MinimumVisualStudioVersion = 10.0.40219.1
Project("{2150E333-8FDC-42A3-9474-1A3956D46DE8}") = "1 - Api", "1 - Api", "{02EA681E-C7D8-13C7-8484-4AC65E1B71E8}"
EndProject
Project("{2150E333-8FDC-42A3-9474-1A3956D46DE8}") = "2 - Application", "2 - Application", "{A238A401-4362-4EEF-A210-3DA70247E872}"
EndProject
Project("{2150E333-8FDC-42A3-9474-1A3956D46DE8}") = "3 - Domain", "3 - Domain", "{69251CBF-26E3-4904-A15F-8788FBF9C014}"
EndProject
Project("{2150E333-8FDC-42A3-9474-1A3956D46DE8}") = "4 - Infrastructure", "4 - Infrastructure", "{DE77AABC-8EC0-4542-948F-324E6D54A13C}"
EndProject
Project("{FAE04EC0-301F-11D3-BF4B-00C04F79EFBC}") = "FlagExplorerApp.Api", "FlagExplorerApp.Api\FlagExplorerApp.Api.csproj", "{066D5F55-8D8E-4841-8513-91A37ECFB8BA}"
EndProject
Project("{FAE04EC0-301F-11D3-BF4B-00C04F79EFBC}") = "FlagExplorerApp.Domain", "FlagExplorerApp.Domain\FlagExplorerApp.Domain.csproj", "{41DE3889-E45E-490E-BA4F-E4669FABF07B}"
EndProject
Project("{FAE04EC0-301F-11D3-BF4B-00C04F79EFBC}") = "FlagExplorerApp.Infrastructure", "FlagExplorerApp.Infrastructure\FlagExplorerApp.Infrastructure.csproj", "{4DD6FDA5-3B36-4064-B193-BA0D44D8F1ED}"
EndProject
Project("{FAE04EC0-301F-11D3-BF4B-00C04F79EFBC}") = "FlagExplorerApp.Application", "FlagExplorerApp.Application\FlagExplorerApp.Application.csproj", "{6F5E8605-80F7-4892-9680-555BC9B14063}"
EndProject
Project("{2150E333-8FDC-42A3-9474-1A3956D46DE8}") = "0 - Web", "0 - Web", "{791AE517-B24B-41CB-960A-861740889356}"
EndProject
Project("{54A90642-561A-4BB1-A94E-469ADEE60C69}") = "FlagExplorerApp.Web", "FlagExplorerApp.Web\FlagExplorerApp.Web.esproj", "{9EF85E71-105F-9F26-DB8B-9B142CF1C0BE}"
EndProject
Project("{E53339B2-1760-4266-BCC7-CA923CBCF16C}") = "docker-compose", "docker-compose.dcproj", "{81DDED9D-158B-E303-5F62-77A2896D2A5A}"
EndProject
Project("{2150E333-8FDC-42A3-9474-1A3956D46DE8}") = "5 - Tests", "5 - Tests", "{78093C22-670A-44AD-BD6A-095B19435D35}"
EndProject
Project("{FAE04EC0-301F-11D3-BF4B-00C04F79EFBC}") = "FlagExplorerApp.Tests", "FlagExplorerApp.Tests\FlagExplorerApp.Tests.csproj", "{7B8ECDA0-FA6E-4E3A-A20E-D8CA12879BDB}"
EndProject
Project("{FAE04EC0-301F-11D3-BF4B-00C04F79EFBC}") = "FlagExplorerApp.IntegrationTests", "FlagExplorerApp.IntegrationTests\FlagExplorerApp.IntegrationTests.csproj", "{C2A949DD-7ADF-48C7-8B83-C488A1A8B6F8}"
EndProject
Global
	GlobalSection(SolutionConfigurationPlatforms) = preSolution
		Debug|Any CPU = Debug|Any CPU
		Release|Any CPU = Release|Any CPU
	EndGlobalSection
	GlobalSection(ProjectConfigurationPlatforms) = postSolution
		{066D5F55-8D8E-4841-8513-91A37ECFB8BA}.Debug|Any CPU.ActiveCfg = Debug|Any CPU
		{066D5F55-8D8E-4841-8513-91A37ECFB8BA}.Debug|Any CPU.Build.0 = Debug|Any CPU
		{066D5F55-8D8E-4841-8513-91A37ECFB8BA}.Release|Any CPU.ActiveCfg = Release|Any CPU
		{066D5F55-8D8E-4841-8513-91A37ECFB8BA}.Release|Any CPU.Build.0 = Release|Any CPU
		{41DE3889-E45E-490E-BA4F-E4669FABF07B}.Debug|Any CPU.ActiveCfg = Debug|Any CPU
		{41DE3889-E45E-490E-BA4F-E4669FABF07B}.Debug|Any CPU.Build.0 = Debug|Any CPU
		{41DE3889-E45E-490E-BA4F-E4669FABF07B}.Release|Any CPU.ActiveCfg = Release|Any CPU
		{41DE3889-E45E-490E-BA4F-E4669FABF07B}.Release|Any CPU.Build.0 = Release|Any CPU
		{4DD6FDA5-3B36-4064-B193-BA0D44D8F1ED}.Debug|Any CPU.ActiveCfg = Debug|Any CPU
		{4DD6FDA5-3B36-4064-B193-BA0D44D8F1ED}.Debug|Any CPU.Build.0 = Debug|Any CPU
		{4DD6FDA5-3B36-4064-B193-BA0D44D8F1ED}.Release|Any CPU.ActiveCfg = Release|Any CPU
		{4DD6FDA5-3B36-4064-B193-BA0D44D8F1ED}.Release|Any CPU.Build.0 = Release|Any CPU
		{6F5E8605-80F7-4892-9680-555BC9B14063}.Debug|Any CPU.ActiveCfg = Debug|Any CPU
		{6F5E8605-80F7-4892-9680-555BC9B14063}.Debug|Any CPU.Build.0 = Debug|Any CPU
		{6F5E8605-80F7-4892-9680-555BC9B14063}.Release|Any CPU.ActiveCfg = Release|Any CPU
		{6F5E8605-80F7-4892-9680-555BC9B14063}.Release|Any CPU.Build.0 = Release|Any CPU
		{9EF85E71-105F-9F26-DB8B-9B142CF1C0BE}.Debug|Any CPU.ActiveCfg = Debug|Any CPU
		{9EF85E71-105F-9F26-DB8B-9B142CF1C0BE}.Debug|Any CPU.Build.0 = Debug|Any CPU
		{9EF85E71-105F-9F26-DB8B-9B142CF1C0BE}.Debug|Any CPU.Deploy.0 = Debug|Any CPU
		{9EF85E71-105F-9F26-DB8B-9B142CF1C0BE}.Release|Any CPU.ActiveCfg = Release|Any CPU
		{9EF85E71-105F-9F26-DB8B-9B142CF1C0BE}.Release|Any CPU.Build.0 = Release|Any CPU
		{9EF85E71-105F-9F26-DB8B-9B142CF1C0BE}.Release|Any CPU.Deploy.0 = Release|Any CPU
		{81DDED9D-158B-E303-5F62-77A2896D2A5A}.Debug|Any CPU.ActiveCfg = Debug|Any CPU
		{81DDED9D-158B-E303-5F62-77A2896D2A5A}.Debug|Any CPU.Build.0 = Debug|Any CPU
		{81DDED9D-158B-E303-5F62-77A2896D2A5A}.Release|Any CPU.ActiveCfg = Release|Any CPU
		{81DDED9D-158B-E303-5F62-77A2896D2A5A}.Release|Any CPU.Build.0 = Release|Any CPU
		{7B8ECDA0-FA6E-4E3A-A20E-D8CA12879BDB}.Debug|Any CPU.ActiveCfg = Debug|Any CPU
		{7B8ECDA0-FA6E-4E3A-A20E-D8CA12879BDB}.Debug|Any CPU.Build.0 = Debug|Any CPU
		{7B8ECDA0-FA6E-4E3A-A20E-D8CA12879BDB}.Release|Any CPU.ActiveCfg = Release|Any CPU
		{7B8ECDA0-FA6E-4E3A-A20E-D8CA12879BDB}.Release|Any CPU.Build.0 = Release|Any CPU
		{C2A949DD-7ADF-48C7-8B83-C488A1A8B6F8}.Debug|Any CPU.ActiveCfg = Debug|Any CPU
		{C2A949DD-7ADF-48C7-8B83-C488A1A8B6F8}.Debug|Any CPU.Build.0 = Debug|Any CPU
		{C2A949DD-7ADF-48C7-8B83-C488A1A8B6F8}.Release|Any CPU.ActiveCfg = Release|Any CPU
		{C2A949DD-7ADF-48C7-8B83-C488A1A8B6F8}.Release|Any CPU.Build.0 = Release|Any CPU
	EndGlobalSection
	GlobalSection(SolutionProperties) = preSolution
		HideSolutionNode = FALSE
	EndGlobalSection
	GlobalSection(NestedProjects) = preSolution
		{066D5F55-8D8E-4841-8513-91A37ECFB8BA} = {02EA681E-C7D8-13C7-8484-4AC65E1B71E8}
		{41DE3889-E45E-490E-BA4F-E4669FABF07B} = {69251CBF-26E3-4904-A15F-8788FBF9C014}
		{4DD6FDA5-3B36-4064-B193-BA0D44D8F1ED} = {DE77AABC-8EC0-4542-948F-324E6D54A13C}
		{6F5E8605-80F7-4892-9680-555BC9B14063} = {A238A401-4362-4EEF-A210-3DA70247E872}
		{9EF85E71-105F-9F26-DB8B-9B142CF1C0BE} = {791AE517-B24B-41CB-960A-861740889356}
		{7B8ECDA0-FA6E-4E3A-A20E-D8CA12879BDB} = {78093C22-670A-44AD-BD6A-095B19435D35}
		{C2A949DD-7ADF-48C7-8B83-C488A1A8B6F8} = {78093C22-670A-44AD-BD6A-095B19435D35}
	EndGlobalSection
	GlobalSection(ExtensibilityGlobals) = postSolution
		SolutionGuid = {599DD727-9DB3-4048-87EF-0FF06937277B}
	EndGlobalSection
EndGlobal
